
Microsoft Visual Studio Solution File, Format Version 12.00
# Visual Studio Version 16
VisualStudioVersion = 16.0.29911.84
MinimumVisualStudioVersion = 10.0.40219.1
Project("{FAE04EC0-301F-11D3-BF4B-00C04F79EFBC}") = "Laboratorio 02 Juan Roncagliolo", "Laboratorio 02 Juan Roncagliolo\Laboratorio 02 Juan Roncagliolo.csproj", "{F2498846-DC9A-4929-A224-3DE00EAA6904}"
EndProject
Global
	GlobalSection(SolutionConfigurationPlatforms) = preSolution
		Debug|Any CPU = Debug|Any CPU
		Release|Any CPU = Release|Any CPU
	EndGlobalSection
	GlobalSection(ProjectConfigurationPlatforms) = postSolution
		{F2498846-DC9A-4929-A224-3DE00EAA6904}.Debug|Any CPU.ActiveCfg = Debug|Any CPU
		{F2498846-DC9A-4929-A224-3DE00EAA6904}.Debug|Any CPU.Build.0 = Debug|Any CPU
		{F2498846-DC9A-4929-A224-3DE00EAA6904}.Release|Any CPU.ActiveCfg = Release|Any CPU
		{F2498846-DC9A-4929-A224-3DE00EAA6904}.Release|Any CPU.Build.0 = Release|Any CPU
	EndGlobalSection
	GlobalSection(SolutionProperties) = preSolution
		HideSolutionNode = FALSE
	EndGlobalSection
	GlobalSection(ExtensibilityGlobals) = postSolution
		SolutionGuid = {4914B56C-FAF0-4CB6-ABC8-94C10BF9D89D}
	EndGlobalSection
EndGlobal
